// !$*UTF8*$!
{
	archiveVersion = 1;
	classes = {
	};
	objectVersion = 50;
	objects = {

/* Begin PBXBuildFile section */
		8E39E0F123642E1C00736923 /* AppDelegate.swift in Sources */ = {isa = PBXBuildFile; fileRef = 8E39E0F023642E1C00736923 /* AppDelegate.swift */; };
		8E39E0F323642E1C00736923 /* SceneDelegate.swift in Sources */ = {isa = PBXBuildFile; fileRef = 8E39E0F223642E1C00736923 /* SceneDelegate.swift */; };
		8E39E0F523642E1C00736923 /* ContentView.swift in Sources */ = {isa = PBXBuildFile; fileRef = 8E39E0F423642E1C00736923 /* ContentView.swift */; };
		8E39E0F723642E2000736923 /* Assets.xcassets in Resources */ = {isa = PBXBuildFile; fileRef = 8E39E0F623642E2000736923 /* Assets.xcassets */; };
		8E39E0FA23642E2000736923 /* Preview Assets.xcassets in Resources */ = {isa = PBXBuildFile; fileRef = 8E39E0F923642E2000736923 /* Preview Assets.xcassets */; };
		8E39E0FD23642E2000736923 /* LaunchScreen.storyboard in Resources */ = {isa = PBXBuildFile; fileRef = 8E39E0FB23642E2000736923 /* LaunchScreen.storyboard */; };
		8E39E10823642E2000736923 /* UralsibHakatonTests.swift in Sources */ = {isa = PBXBuildFile; fileRef = 8E39E10723642E2000736923 /* UralsibHakatonTests.swift */; };
		8E39E11323642E2000736923 /* UralsibHakatonUITests.swift in Sources */ = {isa = PBXBuildFile; fileRef = 8E39E11223642E2000736923 /* UralsibHakatonUITests.swift */; };
		8E39E1282364305800736923 /* OmnesCyrillic-SemiBold.otf in Resources */ = {isa = PBXBuildFile; fileRef = 8E39E1212364305800736923 /* OmnesCyrillic-SemiBold.otf */; };
		8E39E1292364305800736923 /* OmnesCyrillicCnd-Regular.otf in Resources */ = {isa = PBXBuildFile; fileRef = 8E39E1222364305800736923 /* OmnesCyrillicCnd-Regular.otf */; };
		8E39E12A2364305800736923 /* OmnesCyrillic-Regular.otf in Resources */ = {isa = PBXBuildFile; fileRef = 8E39E1232364305800736923 /* OmnesCyrillic-Regular.otf */; };
		8E39E12B2364305800736923 /* Fonts.swift in Sources */ = {isa = PBXBuildFile; fileRef = 8E39E1242364305800736923 /* Fonts.swift */; };
		8E39E12C2364305800736923 /* OmnesCyrillicCnd-SemiBold.otf in Resources */ = {isa = PBXBuildFile; fileRef = 8E39E1252364305800736923 /* OmnesCyrillicCnd-SemiBold.otf */; };
		8E39E12D2364305800736923 /* OmnesCyrillic-Medium.otf in Resources */ = {isa = PBXBuildFile; fileRef = 8E39E1262364305800736923 /* OmnesCyrillic-Medium.otf */; };
		8E39E12E2364305800736923 /* OmnesCyrillic-Bold.otf in Resources */ = {isa = PBXBuildFile; fileRef = 8E39E1272364305800736923 /* OmnesCyrillic-Bold.otf */; };
		8E39E182236485D600736923 /* Colors.swift in Sources */ = {isa = PBXBuildFile; fileRef = 8E39E181236485D600736923 /* Colors.swift */; };
		8E39E1842364958600736923 /* SelectTypeView.swift in Sources */ = {isa = PBXBuildFile; fileRef = 8E39E1832364958600736923 /* SelectTypeView.swift */; };
		8E39E1872364981800736923 /* Types.swift in Sources */ = {isa = PBXBuildFile; fileRef = 8E39E1862364981800736923 /* Types.swift */; };
		8E39E18A2364998C00736923 /* SelectedCard.swift in Sources */ = {isa = PBXBuildFile; fileRef = 8E39E1892364998C00736923 /* SelectedCard.swift */; };
		8E39E18C23649C7100736923 /* SelectOther.swift in Sources */ = {isa = PBXBuildFile; fileRef = 8E39E18B23649C7100736923 /* SelectOther.swift */; };
		8E39E18E2364B4BD00736923 /* Background.swift in Sources */ = {isa = PBXBuildFile; fileRef = 8E39E18D2364B4BC00736923 /* Background.swift */; };
		8E39E1922364B55700736923 /* Extension.swift in Sources */ = {isa = PBXBuildFile; fileRef = 8E39E1912364B55700736923 /* Extension.swift */; };
/* End PBXBuildFile section */

/* Begin PBXContainerItemProxy section */
		8E39E10423642E2000736923 /* PBXContainerItemProxy */ = {
			isa = PBXContainerItemProxy;
			containerPortal = 8E39E0E523642E1C00736923 /* Project object */;
			proxyType = 1;
			remoteGlobalIDString = 8E39E0EC23642E1C00736923;
			remoteInfo = UralsibHakaton;
		};
		8E39E10F23642E2000736923 /* PBXContainerItemProxy */ = {
			isa = PBXContainerItemProxy;
			containerPortal = 8E39E0E523642E1C00736923 /* Project object */;
			proxyType = 1;
			remoteGlobalIDString = 8E39E0EC23642E1C00736923;
			remoteInfo = UralsibHakaton;
		};
/* End PBXContainerItemProxy section */

/* Begin PBXFileReference section */
		8E39E0ED23642E1C00736923 /* UralsibHakaton.app */ = {isa = PBXFileReference; explicitFileType = wrapper.application; includeInIndex = 0; path = UralsibHakaton.app; sourceTree = BUILT_PRODUCTS_DIR; };
		8E39E0F023642E1C00736923 /* AppDelegate.swift */ = {isa = PBXFileReference; lastKnownFileType = sourcecode.swift; path = AppDelegate.swift; sourceTree = "<group>"; };
		8E39E0F223642E1C00736923 /* SceneDelegate.swift */ = {isa = PBXFileReference; lastKnownFileType = sourcecode.swift; path = SceneDelegate.swift; sourceTree = "<group>"; };
		8E39E0F423642E1C00736923 /* ContentView.swift */ = {isa = PBXFileReference; lastKnownFileType = sourcecode.swift; path = ContentView.swift; sourceTree = "<group>"; };
		8E39E0F623642E2000736923 /* Assets.xcassets */ = {isa = PBXFileReference; lastKnownFileType = folder.assetcatalog; path = Assets.xcassets; sourceTree = "<group>"; };
		8E39E0F923642E2000736923 /* Preview Assets.xcassets */ = {isa = PBXFileReference; lastKnownFileType = folder.assetcatalog; path = "Preview Assets.xcassets"; sourceTree = "<group>"; };
		8E39E0FC23642E2000736923 /* Base */ = {isa = PBXFileReference; lastKnownFileType = file.storyboard; name = Base; path = Base.lproj/LaunchScreen.storyboard; sourceTree = "<group>"; };
		8E39E0FE23642E2000736923 /* Info.plist */ = {isa = PBXFileReference; lastKnownFileType = text.plist.xml; path = Info.plist; sourceTree = "<group>"; };
		8E39E10323642E2000736923 /* UralsibHakatonTests.xctest */ = {isa = PBXFileReference; explicitFileType = wrapper.cfbundle; includeInIndex = 0; path = UralsibHakatonTests.xctest; sourceTree = BUILT_PRODUCTS_DIR; };
		8E39E10723642E2000736923 /* UralsibHakatonTests.swift */ = {isa = PBXFileReference; lastKnownFileType = sourcecode.swift; path = UralsibHakatonTests.swift; sourceTree = "<group>"; };
		8E39E10923642E2000736923 /* Info.plist */ = {isa = PBXFileReference; lastKnownFileType = text.plist.xml; path = Info.plist; sourceTree = "<group>"; };
		8E39E10E23642E2000736923 /* UralsibHakatonUITests.xctest */ = {isa = PBXFileReference; explicitFileType = wrapper.cfbundle; includeInIndex = 0; path = UralsibHakatonUITests.xctest; sourceTree = BUILT_PRODUCTS_DIR; };
		8E39E11223642E2000736923 /* UralsibHakatonUITests.swift */ = {isa = PBXFileReference; lastKnownFileType = sourcecode.swift; path = UralsibHakatonUITests.swift; sourceTree = "<group>"; };
		8E39E11423642E2000736923 /* Info.plist */ = {isa = PBXFileReference; lastKnownFileType = text.plist.xml; path = Info.plist; sourceTree = "<group>"; };
		8E39E1212364305800736923 /* OmnesCyrillic-SemiBold.otf */ = {isa = PBXFileReference; lastKnownFileType = file; path = "OmnesCyrillic-SemiBold.otf"; sourceTree = "<group>"; };
		8E39E1222364305800736923 /* OmnesCyrillicCnd-Regular.otf */ = {isa = PBXFileReference; lastKnownFileType = file; path = "OmnesCyrillicCnd-Regular.otf"; sourceTree = "<group>"; };
		8E39E1232364305800736923 /* OmnesCyrillic-Regular.otf */ = {isa = PBXFileReference; lastKnownFileType = file; path = "OmnesCyrillic-Regular.otf"; sourceTree = "<group>"; };
		8E39E1242364305800736923 /* Fonts.swift */ = {isa = PBXFileReference; fileEncoding = 4; lastKnownFileType = sourcecode.swift; path = Fonts.swift; sourceTree = "<group>"; };
		8E39E1252364305800736923 /* OmnesCyrillicCnd-SemiBold.otf */ = {isa = PBXFileReference; lastKnownFileType = file; path = "OmnesCyrillicCnd-SemiBold.otf"; sourceTree = "<group>"; };
		8E39E1262364305800736923 /* OmnesCyrillic-Medium.otf */ = {isa = PBXFileReference; lastKnownFileType = file; path = "OmnesCyrillic-Medium.otf"; sourceTree = "<group>"; };
		8E39E1272364305800736923 /* OmnesCyrillic-Bold.otf */ = {isa = PBXFileReference; lastKnownFileType = file; path = "OmnesCyrillic-Bold.otf"; sourceTree = "<group>"; };
		8E39E181236485D600736923 /* Colors.swift */ = {isa = PBXFileReference; lastKnownFileType = sourcecode.swift; path = Colors.swift; sourceTree = "<group>"; };
		8E39E1832364958600736923 /* SelectTypeView.swift */ = {isa = PBXFileReference; lastKnownFileType = sourcecode.swift; path = SelectTypeView.swift; sourceTree = "<group>"; };
		8E39E1862364981800736923 /* Types.swift */ = {isa = PBXFileReference; lastKnownFileType = sourcecode.swift; path = Types.swift; sourceTree = "<group>"; };
		8E39E1892364998C00736923 /* SelectedCard.swift */ = {isa = PBXFileReference; lastKnownFileType = sourcecode.swift; path = SelectedCard.swift; sourceTree = "<group>"; };
		8E39E18B23649C7100736923 /* SelectOther.swift */ = {isa = PBXFileReference; lastKnownFileType = sourcecode.swift; path = SelectOther.swift; sourceTree = "<group>"; };
		8E39E18D2364B4BC00736923 /* Background.swift */ = {isa = PBXFileReference; lastKnownFileType = sourcecode.swift; path = Background.swift; sourceTree = "<group>"; };
		8E39E1912364B55700736923 /* Extension.swift */ = {isa = PBXFileReference; lastKnownFileType = sourcecode.swift; path = Extension.swift; sourceTree = "<group>"; };
/* End PBXFileReference section */

/* Begin PBXFrameworksBuildPhase section */
		8E39E0EA23642E1C00736923 /* Frameworks */ = {
			isa = PBXFrameworksBuildPhase;
			buildActionMask = 2147483647;
			files = (
			);
			runOnlyForDeploymentPostprocessing = 0;
		};
		8E39E10023642E2000736923 /* Frameworks */ = {
			isa = PBXFrameworksBuildPhase;
			buildActionMask = 2147483647;
			files = (
			);
			runOnlyForDeploymentPostprocessing = 0;
		};
		8E39E10B23642E2000736923 /* Frameworks */ = {
			isa = PBXFrameworksBuildPhase;
			buildActionMask = 2147483647;
			files = (
			);
			runOnlyForDeploymentPostprocessing = 0;
		};
/* End PBXFrameworksBuildPhase section */

/* Begin PBXGroup section */
		8E39E0E423642E1C00736923 = {
			isa = PBXGroup;
			children = (
				8E39E0EF23642E1C00736923 /* UralsibHakaton */,
				8E39E10623642E2000736923 /* UralsibHakatonTests */,
				8E39E11123642E2000736923 /* UralsibHakatonUITests */,
				8E39E0EE23642E1C00736923 /* Products */,
			);
			sourceTree = "<group>";
		};
		8E39E0EE23642E1C00736923 /* Products */ = {
			isa = PBXGroup;
			children = (
				8E39E0ED23642E1C00736923 /* UralsibHakaton.app */,
				8E39E10323642E2000736923 /* UralsibHakatonTests.xctest */,
				8E39E10E23642E2000736923 /* UralsibHakatonUITests.xctest */,
			);
			name = Products;
			sourceTree = "<group>";
		};
		8E39E0EF23642E1C00736923 /* UralsibHakaton */ = {
			isa = PBXGroup;
			children = (
				8E39E18F2364B54000736923 /* Extensions */,
				8E39E1882364997B00736923 /* SupportingViews */,
				8E39E1852364980B00736923 /* Models */,
				8E39E1202364303800736923 /* Fonts */,
				8E39E0F023642E1C00736923 /* AppDelegate.swift */,
				8E39E0F223642E1C00736923 /* SceneDelegate.swift */,
				8E39E1832364958600736923 /* SelectTypeView.swift */,
				8E39E0F423642E1C00736923 /* ContentView.swift */,
				8E39E0F623642E2000736923 /* Assets.xcassets */,
				8E39E0FB23642E2000736923 /* LaunchScreen.storyboard */,
				8E39E0FE23642E2000736923 /* Info.plist */,
				8E39E0F823642E2000736923 /* Preview Content */,
				8E39E181236485D600736923 /* Colors.swift */,
			);
			path = UralsibHakaton;
			sourceTree = "<group>";
		};
		8E39E0F823642E2000736923 /* Preview Content */ = {
			isa = PBXGroup;
			children = (
				8E39E0F923642E2000736923 /* Preview Assets.xcassets */,
			);
			path = "Preview Content";
			sourceTree = "<group>";
		};
		8E39E10623642E2000736923 /* UralsibHakatonTests */ = {
			isa = PBXGroup;
			children = (
				8E39E10723642E2000736923 /* UralsibHakatonTests.swift */,
				8E39E10923642E2000736923 /* Info.plist */,
			);
			path = UralsibHakatonTests;
			sourceTree = "<group>";
		};
		8E39E11123642E2000736923 /* UralsibHakatonUITests */ = {
			isa = PBXGroup;
			children = (
				8E39E11223642E2000736923 /* UralsibHakatonUITests.swift */,
				8E39E11423642E2000736923 /* Info.plist */,
			);
			path = UralsibHakatonUITests;
			sourceTree = "<group>";
		};
		8E39E1202364303800736923 /* Fonts */ = {
			isa = PBXGroup;
			children = (
				8E39E1242364305800736923 /* Fonts.swift */,
				8E39E1272364305800736923 /* OmnesCyrillic-Bold.otf */,
				8E39E1262364305800736923 /* OmnesCyrillic-Medium.otf */,
				8E39E1232364305800736923 /* OmnesCyrillic-Regular.otf */,
				8E39E1212364305800736923 /* OmnesCyrillic-SemiBold.otf */,
				8E39E1222364305800736923 /* OmnesCyrillicCnd-Regular.otf */,
				8E39E1252364305800736923 /* OmnesCyrillicCnd-SemiBold.otf */,
			);
			path = Fonts;
			sourceTree = "<group>";
		};
		8E39E1852364980B00736923 /* Models */ = {
			isa = PBXGroup;
			children = (
				8E39E1862364981800736923 /* Types.swift */,
			);
			path = Models;
			sourceTree = "<group>";
		};
		8E39E1882364997B00736923 /* SupportingViews */ = {
			isa = PBXGroup;
			children = (
				8E39E1892364998C00736923 /* SelectedCard.swift */,
				8E39E18B23649C7100736923 /* SelectOther.swift */,
				8E39E18D2364B4BC00736923 /* Background.swift */,
			);
			path = SupportingViews;
			sourceTree = "<group>";
		};
		8E39E18F2364B54000736923 /* Extensions */ = {
			isa = PBXGroup;
			children = (
				8E39E1912364B55700736923 /* Extension.swift */,
			);
			path = Extensions;
			sourceTree = "<group>";
		};
/* End PBXGroup section */

/* Begin PBXNativeTarget section */
		8E39E0EC23642E1C00736923 /* UralsibHakaton */ = {
			isa = PBXNativeTarget;
			buildConfigurationList = 8E39E11723642E2000736923 /* Build configuration list for PBXNativeTarget "UralsibHakaton" */;
			buildPhases = (
				8E39E0E923642E1C00736923 /* Sources */,
				8E39E0EA23642E1C00736923 /* Frameworks */,
				8E39E0EB23642E1C00736923 /* Resources */,
			);
			buildRules = (
			);
			dependencies = (
			);
			name = UralsibHakaton;
			productName = UralsibHakaton;
			productReference = 8E39E0ED23642E1C00736923 /* UralsibHakaton.app */;
			productType = "com.apple.product-type.application";
		};
		8E39E10223642E2000736923 /* UralsibHakatonTests */ = {
			isa = PBXNativeTarget;
			buildConfigurationList = 8E39E11A23642E2000736923 /* Build configuration list for PBXNativeTarget "UralsibHakatonTests" */;
			buildPhases = (
				8E39E0FF23642E2000736923 /* Sources */,
				8E39E10023642E2000736923 /* Frameworks */,
				8E39E10123642E2000736923 /* Resources */,
			);
			buildRules = (
			);
			dependencies = (
				8E39E10523642E2000736923 /* PBXTargetDependency */,
			);
			name = UralsibHakatonTests;
			productName = UralsibHakatonTests;
			productReference = 8E39E10323642E2000736923 /* UralsibHakatonTests.xctest */;
			productType = "com.apple.product-type.bundle.unit-test";
		};
		8E39E10D23642E2000736923 /* UralsibHakatonUITests */ = {
			isa = PBXNativeTarget;
			buildConfigurationList = 8E39E11D23642E2000736923 /* Build configuration list for PBXNativeTarget "UralsibHakatonUITests" */;
			buildPhases = (
				8E39E10A23642E2000736923 /* Sources */,
				8E39E10B23642E2000736923 /* Frameworks */,
				8E39E10C23642E2000736923 /* Resources */,
			);
			buildRules = (
			);
			dependencies = (
				8E39E11023642E2000736923 /* PBXTargetDependency */,
			);
			name = UralsibHakatonUITests;
			productName = UralsibHakatonUITests;
			productReference = 8E39E10E23642E2000736923 /* UralsibHakatonUITests.xctest */;
			productType = "com.apple.product-type.bundle.ui-testing";
		};
/* End PBXNativeTarget section */

/* Begin PBXProject section */
		8E39E0E523642E1C00736923 /* Project object */ = {
			isa = PBXProject;
			attributes = {
				LastSwiftUpdateCheck = 1100;
				LastUpgradeCheck = 1100;
				ORGANIZATIONNAME = "bessovestniy-design";
				TargetAttributes = {
					8E39E0EC23642E1C00736923 = {
						CreatedOnToolsVersion = 11.0;
					};
					8E39E10223642E2000736923 = {
						CreatedOnToolsVersion = 11.0;
						TestTargetID = 8E39E0EC23642E1C00736923;
					};
					8E39E10D23642E2000736923 = {
						CreatedOnToolsVersion = 11.0;
						TestTargetID = 8E39E0EC23642E1C00736923;
					};
				};
			};
			buildConfigurationList = 8E39E0E823642E1C00736923 /* Build configuration list for PBXProject "UralsibHakaton" */;
			compatibilityVersion = "Xcode 9.3";
			developmentRegion = en;
			hasScannedForEncodings = 0;
			knownRegions = (
				en,
				Base,
			);
			mainGroup = 8E39E0E423642E1C00736923;
			productRefGroup = 8E39E0EE23642E1C00736923 /* Products */;
			projectDirPath = "";
			projectRoot = "";
			targets = (
				8E39E0EC23642E1C00736923 /* UralsibHakaton */,
				8E39E10223642E2000736923 /* UralsibHakatonTests */,
				8E39E10D23642E2000736923 /* UralsibHakatonUITests */,
			);
		};
/* End PBXProject section */

/* Begin PBXResourcesBuildPhase section */
		8E39E0EB23642E1C00736923 /* Resources */ = {
			isa = PBXResourcesBuildPhase;
			buildActionMask = 2147483647;
			files = (
				8E39E12C2364305800736923 /* OmnesCyrillicCnd-SemiBold.otf in Resources */,
				8E39E0FD23642E2000736923 /* LaunchScreen.storyboard in Resources */,
				8E39E12D2364305800736923 /* OmnesCyrillic-Medium.otf in Resources */,
				8E39E0FA23642E2000736923 /* Preview Assets.xcassets in Resources */,
				8E39E12A2364305800736923 /* OmnesCyrillic-Regular.otf in Resources */,
				8E39E12E2364305800736923 /* OmnesCyrillic-Bold.otf in Resources */,
				8E39E1292364305800736923 /* OmnesCyrillicCnd-Regular.otf in Resources */,
				8E39E1282364305800736923 /* OmnesCyrillic-SemiBold.otf in Resources */,
				8E39E0F723642E2000736923 /* Assets.xcassets in Resources */,
			);
			runOnlyForDeploymentPostprocessing = 0;
		};
		8E39E10123642E2000736923 /* Resources */ = {
			isa = PBXResourcesBuildPhase;
			buildActionMask = 2147483647;
			files = (
			);
			runOnlyForDeploymentPostprocessing = 0;
		};
		8E39E10C23642E2000736923 /* Resources */ = {
			isa = PBXResourcesBuildPhase;
			buildActionMask = 2147483647;
			files = (
			);
			runOnlyForDeploymentPostprocessing = 0;
		};
/* End PBXResourcesBuildPhase section */

/* Begin PBXSourcesBuildPhase section */
		8E39E0E923642E1C00736923 /* Sources */ = {
			isa = PBXSourcesBuildPhase;
			buildActionMask = 2147483647;
			files = (
				8E39E18A2364998C00736923 /* SelectedCard.swift in Sources */,
				8E39E12B2364305800736923 /* Fonts.swift in Sources */,
				8E39E1842364958600736923 /* SelectTypeView.swift in Sources */,
				8E39E182236485D600736923 /* Colors.swift in Sources */,
				8E39E1922364B55700736923 /* Extension.swift in Sources */,
				8E39E18C23649C7100736923 /* SelectOther.swift in Sources */,
				8E39E1872364981800736923 /* Types.swift in Sources */,
				8E39E0F123642E1C00736923 /* AppDelegate.swift in Sources */,
				8E39E0F323642E1C00736923 /* SceneDelegate.swift in Sources */,
				8E39E0F523642E1C00736923 /* ContentView.swift in Sources */,
				8E39E18E2364B4BD00736923 /* Background.swift in Sources */,
			);
			runOnlyForDeploymentPostprocessing = 0;
		};
		8E39E0FF23642E2000736923 /* Sources */ = {
			isa = PBXSourcesBuildPhase;
			buildActionMask = 2147483647;
			files = (
				8E39E10823642E2000736923 /* UralsibHakatonTests.swift in Sources */,
			);
			runOnlyForDeploymentPostprocessing = 0;
		};
		8E39E10A23642E2000736923 /* Sources */ = {
			isa = PBXSourcesBuildPhase;
			buildActionMask = 2147483647;
			files = (
				8E39E11323642E2000736923 /* UralsibHakatonUITests.swift in Sources */,
			);
			runOnlyForDeploymentPostprocessing = 0;
		};
/* End PBXSourcesBuildPhase section */

/* Begin PBXTargetDependency section */
		8E39E10523642E2000736923 /* PBXTargetDependency */ = {
			isa = PBXTargetDependency;
			target = 8E39E0EC23642E1C00736923 /* UralsibHakaton */;
			targetProxy = 8E39E10423642E2000736923 /* PBXContainerItemProxy */;
		};
		8E39E11023642E2000736923 /* PBXTargetDependency */ = {
			isa = PBXTargetDependency;
			target = 8E39E0EC23642E1C00736923 /* UralsibHakaton */;
			targetProxy = 8E39E10F23642E2000736923 /* PBXContainerItemProxy */;
		};
/* End PBXTargetDependency section */

/* Begin PBXVariantGroup section */
		8E39E0FB23642E2000736923 /* LaunchScreen.storyboard */ = {
			isa = PBXVariantGroup;
			children = (
				8E39E0FC23642E2000736923 /* Base */,
			);
			name = LaunchScreen.storyboard;
			sourceTree = "<group>";
		};
/* End PBXVariantGroup section */

/* Begin XCBuildConfiguration section */
		8E39E11523642E2000736923 /* Debug */ = {
			isa = XCBuildConfiguration;
			buildSettings = {
				ALWAYS_SEARCH_USER_PATHS = NO;
				CLANG_ANALYZER_NONNULL = YES;
				CLANG_ANALYZER_NUMBER_OBJECT_CONVERSION = YES_AGGRESSIVE;
				CLANG_CXX_LANGUAGE_STANDARD = "gnu++14";
				CLANG_CXX_LIBRARY = "libc++";
				CLANG_ENABLE_MODULES = YES;
				CLANG_ENABLE_OBJC_ARC = YES;
				CLANG_ENABLE_OBJC_WEAK = YES;
				CLANG_WARN_BLOCK_CAPTURE_AUTORELEASING = YES;
				CLANG_WARN_BOOL_CONVERSION = YES;
				CLANG_WARN_COMMA = YES;
				CLANG_WARN_CONSTANT_CONVERSION = YES;
				CLANG_WARN_DEPRECATED_OBJC_IMPLEMENTATIONS = YES;
				CLANG_WARN_DIRECT_OBJC_ISA_USAGE = YES_ERROR;
				CLANG_WARN_DOCUMENTATION_COMMENTS = YES;
				CLANG_WARN_EMPTY_BODY = YES;
				CLANG_WARN_ENUM_CONVERSION = YES;
				CLANG_WARN_INFINITE_RECURSION = YES;
				CLANG_WARN_INT_CONVERSION = YES;
				CLANG_WARN_NON_LITERAL_NULL_CONVERSION = YES;
				CLANG_WARN_OBJC_IMPLICIT_RETAIN_SELF = YES;
				CLANG_WARN_OBJC_LITERAL_CONVERSION = YES;
				CLANG_WARN_OBJC_ROOT_CLASS = YES_ERROR;
				CLANG_WARN_RANGE_LOOP_ANALYSIS = YES;
				CLANG_WARN_STRICT_PROTOTYPES = YES;
				CLANG_WARN_SUSPICIOUS_MOVE = YES;
				CLANG_WARN_UNGUARDED_AVAILABILITY = YES_AGGRESSIVE;
				CLANG_WARN_UNREACHABLE_CODE = YES;
				CLANG_WARN__DUPLICATE_METHOD_MATCH = YES;
				COPY_PHASE_STRIP = NO;
				DEBUG_INFORMATION_FORMAT = dwarf;
				ENABLE_STRICT_OBJC_MSGSEND = YES;
				ENABLE_TESTABILITY = YES;
				GCC_C_LANGUAGE_STANDARD = gnu11;
				GCC_DYNAMIC_NO_PIC = NO;
				GCC_NO_COMMON_BLOCKS = YES;
				GCC_OPTIMIZATION_LEVEL = 0;
				GCC_PREPROCESSOR_DEFINITIONS = (
					"DEBUG=1",
					"$(inherited)",
				);
				GCC_WARN_64_TO_32_BIT_CONVERSION = YES;
				GCC_WARN_ABOUT_RETURN_TYPE = YES_ERROR;
				GCC_WARN_UNDECLARED_SELECTOR = YES;
				GCC_WARN_UNINITIALIZED_AUTOS = YES_AGGRESSIVE;
				GCC_WARN_UNUSED_FUNCTION = YES;
				GCC_WARN_UNUSED_VARIABLE = YES;
				IPHONEOS_DEPLOYMENT_TARGET = 13.0;
				MTL_ENABLE_DEBUG_INFO = INCLUDE_SOURCE;
				MTL_FAST_MATH = YES;
				ONLY_ACTIVE_ARCH = YES;
				SDKROOT = iphoneos;
				SWIFT_ACTIVE_COMPILATION_CONDITIONS = DEBUG;
				SWIFT_OPTIMIZATION_LEVEL = "-Onone";
			};
			name = Debug;
		};
		8E39E11623642E2000736923 /* Release */ = {
			isa = XCBuildConfiguration;
			buildSettings = {
				ALWAYS_SEARCH_USER_PATHS = NO;
				CLANG_ANALYZER_NONNULL = YES;
				CLANG_ANALYZER_NUMBER_OBJECT_CONVERSION = YES_AGGRESSIVE;
				CLANG_CXX_LANGUAGE_STANDARD = "gnu++14";
				CLANG_CXX_LIBRARY = "libc++";
				CLANG_ENABLE_MODULES = YES;
				CLANG_ENABLE_OBJC_ARC = YES;
				CLANG_ENABLE_OBJC_WEAK = YES;
				CLANG_WARN_BLOCK_CAPTURE_AUTORELEASING = YES;
				CLANG_WARN_BOOL_CONVERSION = YES;
				CLANG_WARN_COMMA = YES;
				CLANG_WARN_CONSTANT_CONVERSION = YES;
				CLANG_WARN_DEPRECATED_OBJC_IMPLEMENTATIONS = YES;
				CLANG_WARN_DIRECT_OBJC_ISA_USAGE = YES_ERROR;
				CLANG_WARN_DOCUMENTATION_COMMENTS = YES;
				CLANG_WARN_EMPTY_BODY = YES;
				CLANG_WARN_ENUM_CONVERSION = YES;
				CLANG_WARN_INFINITE_RECURSION = YES;
				CLANG_WARN_INT_CONVERSION = YES;
				CLANG_WARN_NON_LITERAL_NULL_CONVERSION = YES;
				CLANG_WARN_OBJC_IMPLICIT_RETAIN_SELF = YES;
				CLANG_WARN_OBJC_LITERAL_CONVERSION = YES;
				CLANG_WARN_OBJC_ROOT_CLASS = YES_ERROR;
				CLANG_WARN_RANGE_LOOP_ANALYSIS = YES;
				CLANG_WARN_STRICT_PROTOTYPES = YES;
				CLANG_WARN_SUSPICIOUS_MOVE = YES;
				CLANG_WARN_UNGUARDED_AVAILABILITY = YES_AGGRESSIVE;
				CLANG_WARN_UNREACHABLE_CODE = YES;
				CLANG_WARN__DUPLICATE_METHOD_MATCH = YES;
				COPY_PHASE_STRIP = NO;
				DEBUG_INFORMATION_FORMAT = "dwarf-with-dsym";
				ENABLE_NS_ASSERTIONS = NO;
				ENABLE_STRICT_OBJC_MSGSEND = YES;
				GCC_C_LANGUAGE_STANDARD = gnu11;
				GCC_NO_COMMON_BLOCKS = YES;
				GCC_WARN_64_TO_32_BIT_CONVERSION = YES;
				GCC_WARN_ABOUT_RETURN_TYPE = YES_ERROR;
				GCC_WARN_UNDECLARED_SELECTOR = YES;
				GCC_WARN_UNINITIALIZED_AUTOS = YES_AGGRESSIVE;
				GCC_WARN_UNUSED_FUNCTION = YES;
				GCC_WARN_UNUSED_VARIABLE = YES;
				IPHONEOS_DEPLOYMENT_TARGET = 13.0;
				MTL_ENABLE_DEBUG_INFO = NO;
				MTL_FAST_MATH = YES;
				SDKROOT = iphoneos;
				SWIFT_COMPILATION_MODE = wholemodule;
				SWIFT_OPTIMIZATION_LEVEL = "-O";
				VALIDATE_PRODUCT = YES;
			};
			name = Release;
		};
		8E39E11823642E2000736923 /* Debug */ = {
			isa = XCBuildConfiguration;
			buildSettings = {
				ASSETCATALOG_COMPILER_APPICON_NAME = AppIcon;
				CODE_SIGN_STYLE = Automatic;
				DEVELOPMENT_ASSET_PATHS = "\"UralsibHakaton/Preview Content\"";
				DEVELOPMENT_TEAM = 8YDQV2CT4U;
				ENABLE_PREVIEWS = YES;
				INFOPLIST_FILE = UralsibHakaton/Info.plist;
				LD_RUNPATH_SEARCH_PATHS = (
					"$(inherited)",
					"@executable_path/Frameworks",
				);
				PRODUCT_BUNDLE_IDENTIFIER = "bessovestniy-design.UralsibHakaton";
				PRODUCT_NAME = "$(TARGET_NAME)";
				SWIFT_VERSION = 5.0;
				TARGETED_DEVICE_FAMILY = "1,2";
			};
			name = Debug;
		};
		8E39E11923642E2000736923 /* Release */ = {
			isa = XCBuildConfiguration;
			buildSettings = {
				ASSETCATALOG_COMPILER_APPICON_NAME = AppIcon;
				CODE_SIGN_STYLE = Automatic;
				DEVELOPMENT_ASSET_PATHS = "\"UralsibHakaton/Preview Content\"";
				DEVELOPMENT_TEAM = 8YDQV2CT4U;
				ENABLE_PREVIEWS = YES;
				INFOPLIST_FILE = UralsibHakaton/Info.plist;
				LD_RUNPATH_SEARCH_PATHS = (
					"$(inherited)",
					"@executable_path/Frameworks",
				);
				PRODUCT_BUNDLE_IDENTIFIER = "bessovestniy-design.UralsibHakaton";
				PRODUCT_NAME = "$(TARGET_NAME)";
				SWIFT_VERSION = 5.0;
				TARGETED_DEVICE_FAMILY = "1,2";
			};
			name = Release;
		};
		8E39E11B23642E2000736923 /* Debug */ = {
			isa = XCBuildConfiguration;
			buildSettings = {
				ALWAYS_EMBED_SWIFT_STANDARD_LIBRARIES = YES;
				BUNDLE_LOADER = "$(TEST_HOST)";
				CODE_SIGN_STYLE = Automatic;
				DEVELOPMENT_TEAM = 8YDQV2CT4U;
				INFOPLIST_FILE = UralsibHakatonTests/Info.plist;
				IPHONEOS_DEPLOYMENT_TARGET = 13.0;
				LD_RUNPATH_SEARCH_PATHS = (
					"$(inherited)",
					"@executable_path/Frameworks",
					"@loader_path/Frameworks",
				);
				PRODUCT_BUNDLE_IDENTIFIER = "bessovestniy-design.UralsibHakatonTests";
				PRODUCT_NAME = "$(TARGET_NAME)";
				SWIFT_VERSION = 5.0;
				TARGETED_DEVICE_FAMILY = "1,2";
				TEST_HOST = "$(BUILT_PRODUCTS_DIR)/UralsibHakaton.app/UralsibHakaton";
			};
			name = Debug;
		};
		8E39E11C23642E2000736923 /* Release */ = {
			isa = XCBuildConfiguration;
			buildSettings = {
				ALWAYS_EMBED_SWIFT_STANDARD_LIBRARIES = YES;
				BUNDLE_LOADER = "$(TEST_HOST)";
				CODE_SIGN_STYLE = Automatic;
				DEVELOPMENT_TEAM = 8YDQV2CT4U;
				INFOPLIST_FILE = UralsibHakatonTests/Info.plist;
				IPHONEOS_DEPLOYMENT_TARGET = 13.0;
				LD_RUNPATH_SEARCH_PATHS = (
					"$(inherited)",
					"@executable_path/Frameworks",
					"@loader_path/Frameworks",
				);
				PRODUCT_BUNDLE_IDENTIFIER = "bessovestniy-design.UralsibHakatonTests";
				PRODUCT_NAME = "$(TARGET_NAME)";
				SWIFT_VERSION = 5.0;
				TARGETED_DEVICE_FAMILY = "1,2";
				TEST_HOST = "$(BUILT_PRODUCTS_DIR)/UralsibHakaton.app/UralsibHakaton";
			};
			name = Release;
		};
		8E39E11E23642E2000736923 /* Debug */ = {
			isa = XCBuildConfiguration;
			buildSettings = {
				ALWAYS_EMBED_SWIFT_STANDARD_LIBRARIES = YES;
				CODE_SIGN_STYLE = Automatic;
				DEVELOPMENT_TEAM = 8YDQV2CT4U;
				INFOPLIST_FILE = UralsibHakatonUITests/Info.plist;
				LD_RUNPATH_SEARCH_PATHS = (
					"$(inherited)",
					"@executable_path/Frameworks",
					"@loader_path/Frameworks",
				);
				PRODUCT_BUNDLE_IDENTIFIER = "bessovestniy-design.UralsibHakatonUITests";
				PRODUCT_NAME = "$(TARGET_NAME)";
				SWIFT_VERSION = 5.0;
				TARGETED_DEVICE_FAMILY = "1,2";
				TEST_TARGET_NAME = UralsibHakaton;
			};
			name = Debug;
		};
		8E39E11F23642E2000736923 /* Release */ = {
			isa = XCBuildConfiguration;
			buildSettings = {
				ALWAYS_EMBED_SWIFT_STANDARD_LIBRARIES = YES;
				CODE_SIGN_STYLE = Automatic;
				DEVELOPMENT_TEAM = 8YDQV2CT4U;
				INFOPLIST_FILE = UralsibHakatonUITests/Info.plist;
				LD_RUNPATH_SEARCH_PATHS = (
					"$(inherited)",
					"@executable_path/Frameworks",
					"@loader_path/Frameworks",
				);
				PRODUCT_BUNDLE_IDENTIFIER = "bessovestniy-design.UralsibHakatonUITests";
				PRODUCT_NAME = "$(TARGET_NAME)";
				SWIFT_VERSION = 5.0;
				TARGETED_DEVICE_FAMILY = "1,2";
				TEST_TARGET_NAME = UralsibHakaton;
			};
			name = Release;
		};
/* End XCBuildConfiguration section */

/* Begin XCConfigurationList section */
		8E39E0E823642E1C00736923 /* Build configuration list for PBXProject "UralsibHakaton" */ = {
			isa = XCConfigurationList;
			buildConfigurations = (
				8E39E11523642E2000736923 /* Debug */,
				8E39E11623642E2000736923 /* Release */,
			);
			defaultConfigurationIsVisible = 0;
			defaultConfigurationName = Release;
		};
		8E39E11723642E2000736923 /* Build configuration list for PBXNativeTarget "UralsibHakaton" */ = {
			isa = XCConfigurationList;
			buildConfigurations = (
				8E39E11823642E2000736923 /* Debug */,
				8E39E11923642E2000736923 /* Release */,
			);
			defaultConfigurationIsVisible = 0;
			defaultConfigurationName = Release;
		};
		8E39E11A23642E2000736923 /* Build configuration list for PBXNativeTarget "UralsibHakatonTests" */ = {
			isa = XCConfigurationList;
			buildConfigurations = (
				8E39E11B23642E2000736923 /* Debug */,
				8E39E11C23642E2000736923 /* Release */,
			);
			defaultConfigurationIsVisible = 0;
			defaultConfigurationName = Release;
		};
		8E39E11D23642E2000736923 /* Build configuration list for PBXNativeTarget "UralsibHakatonUITests" */ = {
			isa = XCConfigurationList;
			buildConfigurations = (
				8E39E11E23642E2000736923 /* Debug */,
				8E39E11F23642E2000736923 /* Release */,
			);
			defaultConfigurationIsVisible = 0;
			defaultConfigurationName = Release;
		};
/* End XCConfigurationList section */
	};
	rootObject = 8E39E0E523642E1C00736923 /* Project object */;
}
